
Microsoft Visual Studio Solution File, Format Version 12.00
# Visual Studio Version 17
VisualStudioVersion = 17.2.32616.157
MinimumVisualStudioVersion = 10.0.40219.1
Project("{FAE04EC0-301F-11D3-BF4B-00C04F79EFBC}") = "Prg_Project_Gyubum_kim", "Prg_Project_Gyubum_kim\Prg_Project_Gyubum_kim.csproj", "{6A369D90-2B3A-4971-B1CF-21DACC316796}"
EndProject
Global
	GlobalSection(SolutionConfigurationPlatforms) = preSolution
		Debug|Any CPU = Debug|Any CPU
		Release|Any CPU = Release|Any CPU
	EndGlobalSection
	GlobalSection(ProjectConfigurationPlatforms) = postSolution
		{6A369D90-2B3A-4971-B1CF-21DACC316796}.Debug|Any CPU.ActiveCfg = Debug|Any CPU
		{6A369D90-2B3A-4971-B1CF-21DACC316796}.Debug|Any CPU.Build.0 = Debug|Any CPU
		{6A369D90-2B3A-4971-B1CF-21DACC316796}.Release|Any CPU.ActiveCfg = Release|Any CPU
		{6A369D90-2B3A-4971-B1CF-21DACC316796}.Release|Any CPU.Build.0 = Release|Any CPU
	EndGlobalSection
	GlobalSection(SolutionProperties) = preSolution
		HideSolutionNode = FALSE
	EndGlobalSection
	GlobalSection(ExtensibilityGlobals) = postSolution
		SolutionGuid = {60C0D5BA-7834-44CA-8BC0-7023967E9F5A}
	EndGlobalSection
EndGlobal
